version: 6
environments:
  default:
    channels:
    - url: https://conda.anaconda.org/conda-forge/
    indexes:
    - https://pypi.org/simple
    packages:
      osx-arm64:
      - conda: https://conda.anaconda.org/conda-forge/noarch/annotated-types-0.7.0-pyhd8ed1ab_1.conda
      - conda: https://conda.anaconda.org/conda-forge/osx-arm64/bzip2-1.0.8-h99b78c6_7.conda
      - conda: https://conda.anaconda.org/conda-forge/osx-arm64/ca-certificates-2024.12.14-hf0a4a13_0.conda
      - conda: https://conda.anaconda.org/conda-forge/osx-arm64/libblas-3.9.0-26_osxarm64_openblas.conda
      - conda: https://conda.anaconda.org/conda-forge/osx-arm64/libcblas-3.9.0-26_osxarm64_openblas.conda
      - conda: https://conda.anaconda.org/conda-forge/osx-arm64/libcxx-19.1.6-ha82da77_1.conda
      - conda: https://conda.anaconda.org/conda-forge/osx-arm64/libensemble-1.4.3-nompi_py312hcb8ae85_100.conda
      - conda: https://conda.anaconda.org/conda-forge/osx-arm64/libexpat-2.6.4-h286801f_0.conda
      - conda: https://conda.anaconda.org/conda-forge/osx-arm64/libffi-3.4.2-h3422bc3_5.tar.bz2
      - conda: https://conda.anaconda.org/conda-forge/osx-arm64/libgfortran-5.0.0-13_2_0_hd922786_3.conda
      - conda: https://conda.anaconda.org/conda-forge/osx-arm64/libgfortran5-13.2.0-hf226fd6_3.conda
      - conda: https://conda.anaconda.org/conda-forge/osx-arm64/liblapack-3.9.0-26_osxarm64_openblas.conda
      - conda: https://conda.anaconda.org/conda-forge/osx-arm64/liblzma-5.6.3-h39f12f2_1.conda
      - conda: https://conda.anaconda.org/conda-forge/osx-arm64/liblzma-devel-5.6.3-h39f12f2_1.conda
      - conda: https://conda.anaconda.org/conda-forge/osx-arm64/libopenblas-0.3.28-openmp_hf332438_1.conda
      - conda: https://conda.anaconda.org/conda-forge/osx-arm64/libsqlite-3.47.2-h3f77e49_0.conda
      - conda: https://conda.anaconda.org/conda-forge/osx-arm64/libzlib-1.3.1-h8359307_2.conda
      - conda: https://conda.anaconda.org/conda-forge/osx-arm64/llvm-openmp-19.1.6-hdb05f8b_0.conda
      - conda: https://conda.anaconda.org/conda-forge/noarch/mpmath-1.3.0-pyhd8ed1ab_1.conda
      - conda: https://conda.anaconda.org/conda-forge/osx-arm64/ncurses-6.5-h7bae524_1.conda
      - conda: https://conda.anaconda.org/conda-forge/osx-arm64/nlopt-2.9.0-py312hace9f44_0.conda
      - conda: https://conda.anaconda.org/conda-forge/osx-arm64/numpy-2.2.1-py312h41c6370_0.conda
      - conda: https://conda.anaconda.org/conda-forge/osx-arm64/openssl-3.4.0-h39f12f2_0.conda
      - conda: https://conda.anaconda.org/conda-forge/osx-arm64/psutil-6.1.1-py312hea69d52_0.conda
      - conda: https://conda.anaconda.org/conda-forge/noarch/pydantic-2.10.4-pyh3cfb1c2_0.conda
      - conda: https://conda.anaconda.org/conda-forge/osx-arm64/pydantic-core-2.27.2-py312hcd83bfe_0.conda
      - conda: https://conda.anaconda.org/conda-forge/osx-arm64/python-3.12.0-h47c9636_0_cpython.conda
      - conda: https://conda.anaconda.org/conda-forge/osx-arm64/python_abi-3.12-5_cp312.conda
      - conda: https://conda.anaconda.org/conda-forge/osx-arm64/pyyaml-6.0.2-py312h024a12e_1.conda
      - conda: https://conda.anaconda.org/conda-forge/osx-arm64/readline-8.2-h92ec313_1.conda
      - conda: https://conda.anaconda.org/conda-forge/osx-arm64/scipy-1.14.1-py312h6bb24ec_2.conda
      - conda: https://conda.anaconda.org/conda-forge/noarch/setuptools-75.6.0-pyhff2d567_1.conda
      - conda: https://conda.anaconda.org/conda-forge/osx-arm64/tk-8.6.13-h5083fa2_1.conda
      - conda: https://conda.anaconda.org/conda-forge/noarch/tomli-2.2.1-pyhd8ed1ab_1.conda
      - conda: https://conda.anaconda.org/conda-forge/noarch/typing-extensions-4.12.2-hd8ed1ab_1.conda
      - conda: https://conda.anaconda.org/conda-forge/noarch/typing_extensions-4.12.2-pyha770c72_1.conda
      - conda: https://conda.anaconda.org/conda-forge/noarch/tzdata-2024b-hc8b5060_0.conda
      - conda: https://conda.anaconda.org/conda-forge/osx-arm64/xz-5.6.3-h9a6d368_1.conda
      - conda: https://conda.anaconda.org/conda-forge/osx-arm64/xz-gpl-tools-5.6.3-h9a6d368_1.conda
      - conda: https://conda.anaconda.org/conda-forge/osx-arm64/xz-tools-5.6.3-h39f12f2_1.conda
      - conda: https://conda.anaconda.org/conda-forge/osx-arm64/yaml-0.2.5-h3422bc3_2.tar.bz2
      - pypi: https://files.pythonhosted.org/packages/b9/f8/feced7779d755758a52d1f6635d990b8d98dc0a29fa568bbe0625f18fdf3/filelock-3.16.1-py3-none-any.whl
      - pypi: https://files.pythonhosted.org/packages/de/86/5486b0188d08aa643e127774a99bac51ffa6cf343e3deb0583956dca5b22/fsspec-2024.12.0-py3-none-any.whl
      - pypi: https://files.pythonhosted.org/packages/bd/0f/2ba5fbcd631e3e88689309dbe978c5769e883e4b84ebfe7da30b43275c5a/jinja2-3.1.5-py3-none-any.whl
      - pypi: https://files.pythonhosted.org/packages/6b/b0/18f76bba336fa5aecf79d45dcd6c806c280ec44538b3c13671d49099fdd0/MarkupSafe-3.0.2-cp312-cp312-macosx_11_0_arm64.whl
      - pypi: https://files.pythonhosted.org/packages/b9/54/dd730b32ea14ea797530a4479b2ed46a6fb250f682a9cfb997e968bf0261/networkx-3.4.2-py3-none-any.whl
      - pypi: https://files.pythonhosted.org/packages/b9/d8/f6004d98579a2596c098d1e30d10b248798cceff82d2b77aa914875bfea1/pillow-11.1.0-cp312-cp312-macosx_11_0_arm64.whl
      - pypi: https://files.pythonhosted.org/packages/b2/fe/81695a1aa331a842b582453b605175f419fe8540355886031328089d840a/sympy-1.13.1-py3-none-any.whl
      - pypi: https://files.pythonhosted.org/packages/57/6c/bf52ff061da33deb9f94f4121fde7ff3058812cb7d2036c97bc167793bd1/torch-2.5.1-cp312-none-macosx_11_0_arm64.whl
      - pypi: https://files.pythonhosted.org/packages/c5/eb/4ba19616378f2bc085999432fded2b7dfdbdccc6dd0fc293203452508100/torchvision-0.20.1-cp312-cp312-macosx_11_0_arm64.whl
packages:
- conda: https://conda.anaconda.org/conda-forge/noarch/annotated-types-0.7.0-pyhd8ed1ab_1.conda
  sha256: e0ea1ba78fbb64f17062601edda82097fcf815012cf52bb704150a2668110d48
  md5: 2934f256a8acfe48f6ebb4fce6cde29c
  depends:
  - python >=3.9
  - typing-extensions >=4.0.0
  license: MIT
  license_family: MIT
  purls:
  - pkg:pypi/annotated-types?source=hash-mapping
  size: 18074
  timestamp: 1733247158254
- conda: https://conda.anaconda.org/conda-forge/osx-arm64/bzip2-1.0.8-h99b78c6_7.conda
  sha256: adfa71f158cbd872a36394c56c3568e6034aa55c623634b37a4836bd036e6b91
  md5: fc6948412dbbbe9a4c9ddbbcfe0a79ab
  depends:
  - __osx >=11.0
  license: bzip2-1.0.6
  license_family: BSD
  purls: []
  size: 122909
  timestamp: 1720974522888
- conda: https://conda.anaconda.org/conda-forge/osx-arm64/ca-certificates-2024.12.14-hf0a4a13_0.conda
  sha256: 256be633fd0882ccc1a7a32bc278547e1703f85082c0789a87a603ee3ab8fb82
  md5: 7cb381a6783d91902638e4ed1ebd478e
  license: ISC
  purls: []
  size: 157091
  timestamp: 1734208344343
- pypi: https://files.pythonhosted.org/packages/b9/f8/feced7779d755758a52d1f6635d990b8d98dc0a29fa568bbe0625f18fdf3/filelock-3.16.1-py3-none-any.whl
  name: filelock
  version: 3.16.1
  sha256: 2082e5703d51fbf98ea75855d9d5527e33d8ff23099bec374a134febee6946b0
  requires_dist:
  - furo>=2024.8.6 ; extra == 'docs'
  - sphinx-autodoc-typehints>=2.4.1 ; extra == 'docs'
  - sphinx>=8.0.2 ; extra == 'docs'
  - covdefaults>=2.3 ; extra == 'testing'
  - coverage>=7.6.1 ; extra == 'testing'
  - diff-cover>=9.2 ; extra == 'testing'
  - pytest-asyncio>=0.24 ; extra == 'testing'
  - pytest-cov>=5 ; extra == 'testing'
  - pytest-mock>=3.14 ; extra == 'testing'
  - pytest-timeout>=2.3.1 ; extra == 'testing'
  - pytest>=8.3.3 ; extra == 'testing'
  - virtualenv>=20.26.4 ; extra == 'testing'
  - typing-extensions>=4.12.2 ; python_full_version < '3.11' and extra == 'typing'
  requires_python: '>=3.8'
- pypi: https://files.pythonhosted.org/packages/de/86/5486b0188d08aa643e127774a99bac51ffa6cf343e3deb0583956dca5b22/fsspec-2024.12.0-py3-none-any.whl
  name: fsspec
  version: 2024.12.0
  sha256: b520aed47ad9804237ff878b504267a3b0b441e97508bd6d2d8774e3db85cee2
  requires_dist:
  - adlfs ; extra == 'abfs'
  - adlfs ; extra == 'adl'
  - pyarrow>=1 ; extra == 'arrow'
  - dask ; extra == 'dask'
  - distributed ; extra == 'dask'
  - pre-commit ; extra == 'dev'
  - ruff ; extra == 'dev'
  - numpydoc ; extra == 'doc'
  - sphinx ; extra == 'doc'
  - sphinx-design ; extra == 'doc'
  - sphinx-rtd-theme ; extra == 'doc'
  - yarl ; extra == 'doc'
  - dropbox ; extra == 'dropbox'
  - dropboxdrivefs ; extra == 'dropbox'
  - requests ; extra == 'dropbox'
  - adlfs ; extra == 'full'
  - aiohttp!=4.0.0a0,!=4.0.0a1 ; extra == 'full'
  - dask ; extra == 'full'
  - distributed ; extra == 'full'
  - dropbox ; extra == 'full'
  - dropboxdrivefs ; extra == 'full'
  - fusepy ; extra == 'full'
  - gcsfs ; extra == 'full'
  - libarchive-c ; extra == 'full'
  - ocifs ; extra == 'full'
  - panel ; extra == 'full'
  - paramiko ; extra == 'full'
  - pyarrow>=1 ; extra == 'full'
  - pygit2 ; extra == 'full'
  - requests ; extra == 'full'
  - s3fs ; extra == 'full'
  - smbprotocol ; extra == 'full'
  - tqdm ; extra == 'full'
  - fusepy ; extra == 'fuse'
  - gcsfs ; extra == 'gcs'
  - pygit2 ; extra == 'git'
  - requests ; extra == 'github'
  - gcsfs ; extra == 'gs'
  - panel ; extra == 'gui'
  - pyarrow>=1 ; extra == 'hdfs'
  - aiohttp!=4.0.0a0,!=4.0.0a1 ; extra == 'http'
  - libarchive-c ; extra == 'libarchive'
  - ocifs ; extra == 'oci'
  - s3fs ; extra == 's3'
  - paramiko ; extra == 'sftp'
  - smbprotocol ; extra == 'smb'
  - paramiko ; extra == 'ssh'
  - aiohttp!=4.0.0a0,!=4.0.0a1 ; extra == 'test'
  - numpy ; extra == 'test'
  - pytest ; extra == 'test'
  - pytest-asyncio!=0.22.0 ; extra == 'test'
  - pytest-benchmark ; extra == 'test'
  - pytest-cov ; extra == 'test'
  - pytest-mock ; extra == 'test'
  - pytest-recording ; extra == 'test'
  - pytest-rerunfailures ; extra == 'test'
  - requests ; extra == 'test'
  - aiobotocore>=2.5.4,<3.0.0 ; extra == 'test-downstream'
  - dask-expr ; extra == 'test-downstream'
  - dask[dataframe,test] ; extra == 'test-downstream'
  - moto[server]>4,<5 ; extra == 'test-downstream'
  - pytest-timeout ; extra == 'test-downstream'
  - xarray ; extra == 'test-downstream'
  - adlfs ; extra == 'test-full'
  - aiohttp!=4.0.0a0,!=4.0.0a1 ; extra == 'test-full'
  - cloudpickle ; extra == 'test-full'
  - dask ; extra == 'test-full'
  - distributed ; extra == 'test-full'
  - dropbox ; extra == 'test-full'
  - dropboxdrivefs ; extra == 'test-full'
  - fastparquet ; extra == 'test-full'
  - fusepy ; extra == 'test-full'
  - gcsfs ; extra == 'test-full'
  - jinja2 ; extra == 'test-full'
  - kerchunk ; extra == 'test-full'
  - libarchive-c ; extra == 'test-full'
  - lz4 ; extra == 'test-full'
  - notebook ; extra == 'test-full'
  - numpy ; extra == 'test-full'
  - ocifs ; extra == 'test-full'
  - pandas ; extra == 'test-full'
  - panel ; extra == 'test-full'
  - paramiko ; extra == 'test-full'
  - pyarrow ; extra == 'test-full'
  - pyarrow>=1 ; extra == 'test-full'
  - pyftpdlib ; extra == 'test-full'
  - pygit2 ; extra == 'test-full'
  - pytest ; extra == 'test-full'
  - pytest-asyncio!=0.22.0 ; extra == 'test-full'
  - pytest-benchmark ; extra == 'test-full'
  - pytest-cov ; extra == 'test-full'
  - pytest-mock ; extra == 'test-full'
  - pytest-recording ; extra == 'test-full'
  - pytest-rerunfailures ; extra == 'test-full'
  - python-snappy ; extra == 'test-full'
  - requests ; extra == 'test-full'
  - smbprotocol ; extra == 'test-full'
  - tqdm ; extra == 'test-full'
  - urllib3 ; extra == 'test-full'
  - zarr ; extra == 'test-full'
  - zstandard ; extra == 'test-full'
  - tqdm ; extra == 'tqdm'
  requires_python: '>=3.8'
- pypi: https://files.pythonhosted.org/packages/bd/0f/2ba5fbcd631e3e88689309dbe978c5769e883e4b84ebfe7da30b43275c5a/jinja2-3.1.5-py3-none-any.whl
  name: jinja2
  version: 3.1.5
  sha256: aba0f4dc9ed8013c424088f68a5c226f7d6097ed89b246d7749c2ec4175c6adb
  requires_dist:
  - markupsafe>=2.0
  - babel>=2.7 ; extra == 'i18n'
  requires_python: '>=3.7'
- conda: https://conda.anaconda.org/conda-forge/osx-arm64/libblas-3.9.0-26_osxarm64_openblas.conda
  build_number: 26
  sha256: 597f9c3779caa979c8c6abbb3ba8c7191b84e1a910d6b0d10e5faf35284c450c
  md5: 21be102c9ae80a67ba7de23b129aa7f6
  depends:
  - libopenblas >=0.3.28,<0.3.29.0a0
  - libopenblas >=0.3.28,<1.0a0
  constrains:
  - liblapack 3.9.0 26_osxarm64_openblas
  - liblapacke 3.9.0 26_osxarm64_openblas
  - libcblas 3.9.0 26_osxarm64_openblas
  - blas * openblas
  arch: arm64
  platform: osx
  license: BSD-3-Clause
  license_family: BSD
  purls: []
  size: 16714
  timestamp: 1734433054681
- conda: https://conda.anaconda.org/conda-forge/osx-arm64/libcblas-3.9.0-26_osxarm64_openblas.conda
  build_number: 26
  sha256: 27a29ef6b2fd2179bc3a0bb9db351f078ba140ca10485dca147c399639f84c93
  md5: a0e9980fe12d42f6d0c0ec009f67e948
  depends:
  - libblas 3.9.0 26_osxarm64_openblas
  constrains:
  - liblapack 3.9.0 26_osxarm64_openblas
  - liblapacke 3.9.0 26_osxarm64_openblas
  - blas * openblas
  arch: arm64
  platform: osx
  license: BSD-3-Clause
  license_family: BSD
  purls: []
  size: 16628
  timestamp: 1734433061517
- conda: https://conda.anaconda.org/conda-forge/osx-arm64/libcxx-19.1.6-ha82da77_1.conda
  sha256: 2b2443404503cd862385fd2f2a2c73f9624686fd1e5a45050b4034cfc06904ec
  md5: ce5252d8db110cdb4ae4173d0a63c7c5
  depends:
  - __osx >=11.0
  arch: arm64
  platform: osx
  license: Apache-2.0 WITH LLVM-exception
  license_family: Apache
  purls: []
  size: 520992
  timestamp: 1734494699681
- conda: https://conda.anaconda.org/conda-forge/osx-arm64/libensemble-1.4.3-nompi_py312hcb8ae85_100.conda
  sha256: c9885db64355aee43819d4698904485dbc2bda5bffb395a586b0694c9fa83edf
  md5: 1cd45c68e9da43af184c4a448b9545e3
  depends:
  - mpmath
  - nlopt
  - numpy
  - psutil
  - pydantic >=1.10
  - python >=3.12,<3.13.0a0
  - python >=3.12,<3.13.0a0 *_cpython
  - python_abi 3.12.* *_cp312
  - pyyaml
  - scipy
  - setuptools
  - tomli
  arch: arm64
  platform: osx
  license: BSD-3-Clause
  license_family: BSD
  purls:
  - pkg:pypi/libensemble?source=hash-mapping
  size: 568113
  timestamp: 1734453401590
- conda: https://conda.anaconda.org/conda-forge/osx-arm64/libexpat-2.6.4-h286801f_0.conda
  sha256: e42ab5ace927ee7c84e3f0f7d813671e1cf3529f5f06ee5899606630498c2745
  md5: 38d2656dd914feb0cab8c629370768bf
  depends:
  - __osx >=11.0
  constrains:
  - expat 2.6.4.*
  license: MIT
  license_family: MIT
  purls: []
  size: 64693
  timestamp: 1730967175868
- conda: https://conda.anaconda.org/conda-forge/osx-arm64/libffi-3.4.2-h3422bc3_5.tar.bz2
  sha256: 41b3d13efb775e340e4dba549ab5c029611ea6918703096b2eaa9c015c0750ca
  md5: 086914b672be056eb70fd4285b6783b6
  license: MIT
  license_family: MIT
  purls: []
  size: 39020
  timestamp: 1636488587153
- conda: https://conda.anaconda.org/conda-forge/osx-arm64/libgfortran-5.0.0-13_2_0_hd922786_3.conda
  sha256: 44e541b4821c96b28b27fef5630883a60ce4fee91fd9c79f25a199f8f73f337b
  md5: 4a55d9e169114b2b90d3ec4604cd7bbf
  depends:
  - libgfortran5 13.2.0 hf226fd6_3
  arch: arm64
  platform: osx
  license: GPL-3.0-only WITH GCC-exception-3.1
  license_family: GPL
  purls: []
  size: 110233
  timestamp: 1707330749033
- conda: https://conda.anaconda.org/conda-forge/osx-arm64/libgfortran5-13.2.0-hf226fd6_3.conda
  sha256: bafc679eedb468a86aa4636061c55966186399ee0a04b605920d208d97ac579a
  md5: 66ac81d54e95c534ae488726c1f698ea
  depends:
  - llvm-openmp >=8.0.0
  constrains:
  - libgfortran 5.0.0 13_2_0_*_3
  arch: arm64
  platform: osx
  license: GPL-3.0-only WITH GCC-exception-3.1
  license_family: GPL
  purls: []
  size: 997381
  timestamp: 1707330687590
- conda: https://conda.anaconda.org/conda-forge/osx-arm64/liblapack-3.9.0-26_osxarm64_openblas.conda
  build_number: 26
  sha256: dd6d9a21e672aee4332f019c8229ce70cf5eaf6c2f4cbd1443b105fb66c00dc5
  md5: cebad79038a75cfd28fa90d147a2d34d
  depends:
  - libblas 3.9.0 26_osxarm64_openblas
  constrains:
  - liblapacke 3.9.0 26_osxarm64_openblas
  - libcblas 3.9.0 26_osxarm64_openblas
  - blas * openblas
  arch: arm64
  platform: osx
  license: BSD-3-Clause
  license_family: BSD
  purls: []
  size: 16624
  timestamp: 1734433068120
- conda: https://conda.anaconda.org/conda-forge/osx-arm64/liblzma-5.6.3-h39f12f2_1.conda
  sha256: d863b8257406918ffdc50ae65502f2b2d6cede29404d09a094f59509d6a0aaf1
  md5: b2553114a7f5e20ccd02378a77d836aa
  depends:
  - __osx >=11.0
  license: 0BSD
  purls: []
  size: 99129
  timestamp: 1733407496073
- conda: https://conda.anaconda.org/conda-forge/osx-arm64/liblzma-devel-5.6.3-h39f12f2_1.conda
  sha256: c785d43d4758e18153b502c7d7d3a9181f3c95b2ae64a389fe49af5bf3a53f05
  md5: 692ccac07529215d42c051c6a60bc5a5
  depends:
  - __osx >=11.0
  - liblzma 5.6.3 h39f12f2_1
  license: 0BSD
  purls: []
  size: 113099
  timestamp: 1733407511832
- conda: https://conda.anaconda.org/conda-forge/osx-arm64/libopenblas-0.3.28-openmp_hf332438_1.conda
  sha256: 62bb669c37a845129096f73d446cdb6bb170e4927f2fea2b661329680dbbc373
  md5: 40803a48d947c8639da6704e9a44d3ce
  depends:
  - __osx >=11.0
  - libgfortran 5.*
  - libgfortran5 >=13.2.0
  - llvm-openmp >=18.1.8
  constrains:
  - openblas >=0.3.28,<0.3.29.0a0
  arch: arm64
  platform: osx
  license: BSD-3-Clause
  license_family: BSD
  purls: []
  size: 4165774
  timestamp: 1730772154295
- conda: https://conda.anaconda.org/conda-forge/osx-arm64/libsqlite-3.47.2-h3f77e49_0.conda
  sha256: f192f3c8973de9ec4c214990715f13b781965247a5cedf9162e7f9e699cfc3c4
  md5: 122d6f29470f1a991e85608e77e56a8a
  depends:
  - __osx >=11.0
  - libzlib >=1.3.1,<2.0a0
  license: Unlicense
  purls: []
  size: 850553
  timestamp: 1733762057506
- conda: https://conda.anaconda.org/conda-forge/osx-arm64/libzlib-1.3.1-h8359307_2.conda
  sha256: ce34669eadaba351cd54910743e6a2261b67009624dbc7daeeafdef93616711b
  md5: 369964e85dc26bfe78f41399b366c435
  depends:
  - __osx >=11.0
  constrains:
  - zlib 1.3.1 *_2
  license: Zlib
  license_family: Other
  purls: []
  size: 46438
  timestamp: 1727963202283
- conda: https://conda.anaconda.org/conda-forge/osx-arm64/llvm-openmp-19.1.6-hdb05f8b_0.conda
  sha256: a0f3e9139ab16f0a67b9d2bbabc15b78977168f4a5b5503fed4962dcb9a96102
  md5: 34fdeffa0555a1a56f38839415cc066c
  depends:
  - __osx >=11.0
  constrains:
  - openmp 19.1.6|19.1.6.*
  arch: arm64
  platform: osx
  license: Apache-2.0 WITH LLVM-exception
  license_family: APACHE
  purls: []
  size: 281251
  timestamp: 1734520462311
- pypi: https://files.pythonhosted.org/packages/6b/b0/18f76bba336fa5aecf79d45dcd6c806c280ec44538b3c13671d49099fdd0/MarkupSafe-3.0.2-cp312-cp312-macosx_11_0_arm64.whl
  name: markupsafe
  version: 3.0.2
  sha256: 846ade7b71e3536c4e56b386c2a47adf5741d2d8b94ec9dc3e92e5e1ee1e2225
  requires_python: '>=3.9'
- conda: https://conda.anaconda.org/conda-forge/noarch/mpmath-1.3.0-pyhd8ed1ab_1.conda
  sha256: 7d7aa3fcd6f42b76bd711182f3776a02bef09a68c5f117d66b712a6d81368692
  md5: 3585aa87c43ab15b167b574cd73b057b
  depends:
  - python >=3.9
  license: BSD-3-Clause
  license_family: BSD
  purls:
  - pkg:pypi/mpmath?source=hash-mapping
  size: 439705
  timestamp: 1733302781386
- conda: https://conda.anaconda.org/conda-forge/osx-arm64/ncurses-6.5-h7bae524_1.conda
  sha256: 27d0b9ff78ad46e1f3a6c96c479ab44beda5f96def88e2fe626e0a49429d8afc
  md5: cb2b0ea909b97b3d70cd3921d1445e1a
  depends:
  - __osx >=11.0
  license: X11 AND BSD-3-Clause
  purls: []
  size: 802321
  timestamp: 1724658775723
- pypi: https://files.pythonhosted.org/packages/b9/54/dd730b32ea14ea797530a4479b2ed46a6fb250f682a9cfb997e968bf0261/networkx-3.4.2-py3-none-any.whl
  name: networkx
  version: 3.4.2
  sha256: df5d4365b724cf81b8c6a7312509d0c22386097011ad1abe274afd5e9d3bbc5f
  requires_dist:
  - numpy>=1.24 ; extra == 'default'
  - scipy>=1.10,!=1.11.0,!=1.11.1 ; extra == 'default'
  - matplotlib>=3.7 ; extra == 'default'
  - pandas>=2.0 ; extra == 'default'
  - changelist==0.5 ; extra == 'developer'
  - pre-commit>=3.2 ; extra == 'developer'
  - mypy>=1.1 ; extra == 'developer'
  - rtoml ; extra == 'developer'
  - sphinx>=7.3 ; extra == 'doc'
  - pydata-sphinx-theme>=0.15 ; extra == 'doc'
  - sphinx-gallery>=0.16 ; extra == 'doc'
  - numpydoc>=1.8.0 ; extra == 'doc'
  - pillow>=9.4 ; extra == 'doc'
  - texext>=0.6.7 ; extra == 'doc'
  - myst-nb>=1.1 ; extra == 'doc'
  - intersphinx-registry ; extra == 'doc'
  - osmnx>=1.9 ; extra == 'example'
  - momepy>=0.7.2 ; extra == 'example'
  - contextily>=1.6 ; extra == 'example'
  - seaborn>=0.13 ; extra == 'example'
  - cairocffi>=1.7 ; extra == 'example'
  - igraph>=0.11 ; extra == 'example'
  - scikit-learn>=1.5 ; extra == 'example'
  - lxml>=4.6 ; extra == 'extra'
  - pygraphviz>=1.14 ; extra == 'extra'
  - pydot>=3.0.1 ; extra == 'extra'
  - sympy>=1.10 ; extra == 'extra'
  - pytest>=7.2 ; extra == 'test'
  - pytest-cov>=4.0 ; extra == 'test'
  requires_python: '>=3.10'
- conda: https://conda.anaconda.org/conda-forge/osx-arm64/nlopt-2.9.0-py312hace9f44_0.conda
  sha256: 03eb36d02b37a37b975f7bb52ee29c7cb86cd85ec8cf0e59abf9d168c916369b
  md5: e4c56549b1942916c11f8801f0369beb
  depends:
  - __osx >=11.0
  - libcxx >=18
  - numpy >=1.19,<3
  - python >=3.12,<3.13.0a0
  - python >=3.12,<3.13.0a0 *_cpython
  - python_abi 3.12.* *_cp312
  arch: arm64
  platform: osx
  license: LGPL-2.1-or-later
  purls:
  - pkg:pypi/nlopt?source=hash-mapping
  size: 325827
  timestamp: 1731404450371
- conda: https://conda.anaconda.org/conda-forge/osx-arm64/numpy-2.2.1-py312h41c6370_0.conda
  sha256: 0a08d24a9879009bbb3eeea8aa0116d027968732c2092f0290102cd757307de8
  md5: c8319d0e393fee76123fd617dddb8977
  depends:
  - __osx >=11.0
  - libblas >=3.9.0,<4.0a0
  - libcblas >=3.9.0,<4.0a0
  - libcxx >=18
  - liblapack >=3.9.0,<4.0a0
  - python >=3.12,<3.13.0a0
  - python >=3.12,<3.13.0a0 *_cpython
  - python_abi 3.12.* *_cp312
  constrains:
  - numpy-base <0a0
  arch: arm64
  platform: osx
  license: BSD-3-Clause
  license_family: BSD
  purls:
  - pkg:pypi/numpy?source=hash-mapping
  size: 6495249
  timestamp: 1734904743892
- conda: https://conda.anaconda.org/conda-forge/osx-arm64/openssl-3.4.0-h39f12f2_0.conda
  sha256: bd1d58ced46e75efa3b842c61642fd12272c69e9fe4d7261078bc082153a1d53
  md5: df307bbc703324722df0293c9ca2e418
  depends:
  - __osx >=11.0
  - ca-certificates
  license: Apache-2.0
  license_family: Apache
  purls: []
  size: 2935176
  timestamp: 1731377561525
- pypi: https://files.pythonhosted.org/packages/b9/d8/f6004d98579a2596c098d1e30d10b248798cceff82d2b77aa914875bfea1/pillow-11.1.0-cp312-cp312-macosx_11_0_arm64.whl
  name: pillow
  version: 11.1.0
  sha256: a85b653980faad27e88b141348707ceeef8a1186f75ecc600c395dcac19f385b
  requires_dist:
  - furo ; extra == 'docs'
  - olefile ; extra == 'docs'
  - sphinx>=8.1 ; extra == 'docs'
  - sphinx-copybutton ; extra == 'docs'
  - sphinx-inline-tabs ; extra == 'docs'
  - sphinxext-opengraph ; extra == 'docs'
  - olefile ; extra == 'fpx'
  - olefile ; extra == 'mic'
  - check-manifest ; extra == 'tests'
  - coverage>=7.4.2 ; extra == 'tests'
  - defusedxml ; extra == 'tests'
  - markdown2 ; extra == 'tests'
  - olefile ; extra == 'tests'
  - packaging ; extra == 'tests'
  - pyroma ; extra == 'tests'
  - pytest ; extra == 'tests'
  - pytest-cov ; extra == 'tests'
  - pytest-timeout ; extra == 'tests'
  - trove-classifiers>=2024.10.12 ; extra == 'tests'
  - typing-extensions ; python_full_version < '3.10' and extra == 'typing'
  - defusedxml ; extra == 'xmp'
  requires_python: '>=3.9'
- conda: https://conda.anaconda.org/conda-forge/osx-arm64/psutil-6.1.1-py312hea69d52_0.conda
  sha256: 90332053dad4056fe752217fa311ffa61cb37dc693b1721e37580e71a2a6fe04
  md5: 90724dac996a4e9d629a88a4b1ffe694
  depends:
  - __osx >=11.0
  - python >=3.12,<3.13.0a0
  - python >=3.12,<3.13.0a0 *_cpython
  - python_abi 3.12.* *_cp312
  arch: arm64
  platform: osx
  license: BSD-3-Clause
  license_family: BSD
  purls:
  - pkg:pypi/psutil?source=hash-mapping
  size: 495397
  timestamp: 1735327574477
- conda: https://conda.anaconda.org/conda-forge/noarch/pydantic-2.10.4-pyh3cfb1c2_0.conda
  sha256: e68400714532a33f34b44ddaee3e27e8dd6c83c3f31c7892ec10b84d13aa8b59
  md5: 93bccf4d7a58c9140d59491de21e044b
  depends:
  - annotated-types >=0.6.0
  - pydantic-core 2.27.2
  - python >=3.9
  - typing-extensions >=4.6.1
  - typing_extensions >=4.12.2
  license: MIT
  license_family: MIT
  purls:
  - pkg:pypi/pydantic?source=hash-mapping
  size: 296557
  timestamp: 1734609427697
- conda: https://conda.anaconda.org/conda-forge/osx-arm64/pydantic-core-2.27.2-py312hcd83bfe_0.conda
  sha256: cfa7201f890d5d08ce29ff70e65a96787d5793a1718776733666b44bbd4a1205
  md5: dcb307e02f17d38c6e1cbfbf8c602852
  depends:
  - __osx >=11.0
  - python >=3.12,<3.13.0a0
  - python >=3.12,<3.13.0a0 *_cpython
  - python_abi 3.12.* *_cp312
  - typing-extensions >=4.6.0,!=4.7.0
  constrains:
  - __osx >=11.0
  arch: arm64
  platform: osx
  license: MIT
  license_family: MIT
  purls:
  - pkg:pypi/pydantic-core?source=hash-mapping
  size: 1593461
  timestamp: 1734571986644
- conda: https://conda.anaconda.org/conda-forge/osx-arm64/python-3.12.0-h47c9636_0_cpython.conda
  sha256: eb66f8f249caa9d5a956c3a407f079e4779d652ebfc2a4b4f50dcea078e84fa8
  md5: ed8ae98b1b510de68392971b9367d18c
  depends:
  - bzip2 >=1.0.8,<2.0a0
  - libexpat >=2.5.0,<3.0a0
  - libffi >=3.4,<4.0a0
  - libsqlite >=3.43.0,<4.0a0
  - libzlib >=1.2.13,<2.0.0a0
  - ncurses >=6.4,<7.0a0
  - openssl >=3.1.3,<4.0a0
  - readline >=8.2,<9.0a0
  - tk >=8.6.13,<8.7.0a0
  - tzdata
  - xz >=5.2.6,<6.0a0
  constrains:
  - python_abi 3.12.* *_cp312
  license: Python-2.0
  purls: []
  size: 13306758
  timestamp: 1696322682581
- conda: https://conda.anaconda.org/conda-forge/osx-arm64/python_abi-3.12-5_cp312.conda
  build_number: 5
  sha256: 49d624e4b809c799d2bf257b22c23cf3fc4460f5570d9a58e7ad86350aeaa1f4
  md5: b76f9b1c862128e56ac7aa8cd2333de9
  constrains:
  - python 3.12.* *_cpython
  arch: arm64
  platform: osx
  license: BSD-3-Clause
  license_family: BSD
  purls: []
  size: 6278
  timestamp: 1723823099686
- conda: https://conda.anaconda.org/conda-forge/osx-arm64/pyyaml-6.0.2-py312h024a12e_1.conda
  sha256: b06f1c15fb39695bbf707ae8fb554b9a77519af577b5556784534c7db10b52e3
  md5: 1ee23620cf46cb15900f70a1300bae55
  depends:
  - __osx >=11.0
  - python >=3.12,<3.13.0a0
  - python >=3.12,<3.13.0a0 *_cpython
  - python_abi 3.12.* *_cp312
  - yaml >=0.2.5,<0.3.0a0
  arch: arm64
  platform: osx
  license: MIT
  license_family: MIT
  purls:
  - pkg:pypi/pyyaml?source=hash-mapping
  size: 187143
  timestamp: 1725456547263
- conda: https://conda.anaconda.org/conda-forge/osx-arm64/readline-8.2-h92ec313_1.conda
  sha256: a1dfa679ac3f6007362386576a704ad2d0d7a02e98f5d0b115f207a2da63e884
  md5: 8cbb776a2f641b943d413b3e19df71f4
  depends:
  - ncurses >=6.3,<7.0a0
  license: GPL-3.0-only
  license_family: GPL
  purls: []
  size: 250351
  timestamp: 1679532511311
- conda: https://conda.anaconda.org/conda-forge/osx-arm64/scipy-1.14.1-py312h6bb24ec_2.conda
  sha256: 34ce18f223d616534ab68c17789dabfacc14b377fbc5485da6caac8697572d78
  md5: 22be8c1085c2257104a6ea2a47bf8dcb
  depends:
  - __osx >=11.0
  - libblas >=3.9.0,<4.0a0
  - libcblas >=3.9.0,<4.0a0
  - libcxx >=18
  - libgfortran 5.*
  - libgfortran5 >=13.2.0
  - liblapack >=3.9.0,<4.0a0
  - numpy <2.3
  - numpy >=1.19,<3
  - numpy >=1.23.5
  - python >=3.12,<3.13.0a0
  - python >=3.12,<3.13.0a0 *_cpython
  - python_abi 3.12.* *_cp312
  arch: arm64
  platform: osx
  license: BSD-3-Clause
  license_family: BSD
  purls:
  - pkg:pypi/scipy?source=hash-mapping
  size: 15112490
  timestamp: 1733622334331
- conda: https://conda.anaconda.org/conda-forge/noarch/setuptools-75.6.0-pyhff2d567_1.conda
  sha256: abb12e1dd515b13660aacb5d0fd43835bc2186cab472df25b7716cd65e095111
  md5: fc80f7995e396cbaeabd23cf46c413dc
  depends:
  - python >=3.9
  license: MIT
  license_family: MIT
  purls:
  - pkg:pypi/setuptools?source=hash-mapping
  size: 774252
  timestamp: 1732632769210
- pypi: https://files.pythonhosted.org/packages/b2/fe/81695a1aa331a842b582453b605175f419fe8540355886031328089d840a/sympy-1.13.1-py3-none-any.whl
  name: sympy
  version: 1.13.1
  sha256: db36cdc64bf61b9b24578b6f7bab1ecdd2452cf008f34faa33776680c26d66f8
  requires_dist:
  - mpmath>=1.1.0,<1.4
  - pytest>=7.1.0 ; extra == 'dev'
  - hypothesis>=6.70.0 ; extra == 'dev'
  requires_python: '>=3.8'
- conda: https://conda.anaconda.org/conda-forge/osx-arm64/tk-8.6.13-h5083fa2_1.conda
  sha256: 72457ad031b4c048e5891f3f6cb27a53cb479db68a52d965f796910e71a403a8
  md5: b50a57ba89c32b62428b71a875291c9b
  depends:
  - libzlib >=1.2.13,<2.0.0a0
  license: TCL
  license_family: BSD
  purls: []
  size: 3145523
  timestamp: 1699202432999
- conda: https://conda.anaconda.org/conda-forge/noarch/tomli-2.2.1-pyhd8ed1ab_1.conda
  sha256: 18636339a79656962723077df9a56c0ac7b8a864329eb8f847ee3d38495b863e
  md5: ac944244f1fed2eb49bae07193ae8215
  depends:
  - python >=3.9
  license: MIT
  license_family: MIT
  purls:
  - pkg:pypi/tomli?source=hash-mapping
  size: 19167
  timestamp: 1733256819729
- pypi: https://files.pythonhosted.org/packages/57/6c/bf52ff061da33deb9f94f4121fde7ff3058812cb7d2036c97bc167793bd1/torch-2.5.1-cp312-none-macosx_11_0_arm64.whl
  name: torch
  version: 2.5.1
  sha256: 8c712df61101964eb11910a846514011f0b6f5920c55dbf567bff8a34163d5b1
  requires_dist:
  - filelock
  - typing-extensions>=4.8.0
  - networkx
  - jinja2
  - fsspec
  - nvidia-cuda-nvrtc-cu12==12.4.127 ; platform_machine == 'x86_64' and platform_system == 'Linux'
  - nvidia-cuda-runtime-cu12==12.4.127 ; platform_machine == 'x86_64' and platform_system == 'Linux'
  - nvidia-cuda-cupti-cu12==12.4.127 ; platform_machine == 'x86_64' and platform_system == 'Linux'
  - nvidia-cudnn-cu12==9.1.0.70 ; platform_machine == 'x86_64' and platform_system == 'Linux'
  - nvidia-cublas-cu12==12.4.5.8 ; platform_machine == 'x86_64' and platform_system == 'Linux'
  - nvidia-cufft-cu12==11.2.1.3 ; platform_machine == 'x86_64' and platform_system == 'Linux'
  - nvidia-curand-cu12==10.3.5.147 ; platform_machine == 'x86_64' and platform_system == 'Linux'
  - nvidia-cusolver-cu12==11.6.1.9 ; platform_machine == 'x86_64' and platform_system == 'Linux'
  - nvidia-cusparse-cu12==12.3.1.170 ; platform_machine == 'x86_64' and platform_system == 'Linux'
  - nvidia-nccl-cu12==2.21.5 ; platform_machine == 'x86_64' and platform_system == 'Linux'
  - nvidia-nvtx-cu12==12.4.127 ; platform_machine == 'x86_64' and platform_system == 'Linux'
  - nvidia-nvjitlink-cu12==12.4.127 ; platform_machine == 'x86_64' and platform_system == 'Linux'
  - triton==3.1.0 ; python_full_version < '3.13' and platform_machine == 'x86_64' and platform_system == 'Linux'
  - sympy==1.12.1 ; python_full_version == '3.8.*'
  - setuptools ; python_full_version >= '3.12'
  - sympy==1.13.1 ; python_full_version >= '3.9'
  - opt-einsum>=3.3 ; extra == 'opt-einsum'
  - optree>=0.12.0 ; extra == 'optree'
  requires_python: '>=3.8.0'
- pypi: https://files.pythonhosted.org/packages/c5/eb/4ba19616378f2bc085999432fded2b7dfdbdccc6dd0fc293203452508100/torchvision-0.20.1-cp312-cp312-macosx_11_0_arm64.whl
  name: torchvision
  version: 0.20.1
  sha256: 1a31256ff945d64f006bb306813a7c95a531fe16bfb2535c837dd4c104533d7a
  requires_dist:
  - numpy
  - torch==2.5.1
  - pillow>=5.3.0,!=8.3.*
  - gdown>=4.7.3 ; extra == 'gdown'
  - scipy ; extra == 'scipy'
  requires_python: '>=3.8'
- conda: https://conda.anaconda.org/conda-forge/noarch/typing-extensions-4.12.2-hd8ed1ab_1.conda
  noarch: python
  sha256: c8e9c1c467b5f960b627d7adc1c65fece8e929a3de89967e91ef0f726422fd32
  md5: b6a408c64b78ec7b779a3e5c7a902433
  depends:
  - typing_extensions 4.12.2 pyha770c72_1
  license: PSF-2.0
  license_family: PSF
  purls: []
  size: 10075
  timestamp: 1733188758872
- conda: https://conda.anaconda.org/conda-forge/noarch/typing_extensions-4.12.2-pyha770c72_1.conda
  sha256: 337be7af5af8b2817f115b3b68870208b30c31d3439bec07bfb2d8f4823e3568
  md5: d17f13df8b65464ca316cbc000a3cb64
  depends:
  - python >=3.9
  license: PSF-2.0
  license_family: PSF
  purls:
  - pkg:pypi/typing-extensions?source=hash-mapping
  size: 39637
  timestamp: 1733188758212
- conda: https://conda.anaconda.org/conda-forge/noarch/tzdata-2024b-hc8b5060_0.conda
  sha256: 4fde5c3008bf5d2db82f2b50204464314cc3c91c1d953652f7bd01d9e52aefdf
  md5: 8ac3367aafb1cc0a068483c580af8015
  license: LicenseRef-Public-Domain
  purls: []
  size: 122354
  timestamp: 1728047496079
- conda: https://conda.anaconda.org/conda-forge/osx-arm64/xz-5.6.3-h9a6d368_1.conda
  sha256: 84f9405312032638a7c6249573c8f50423c314c8a4d149b34b720caecc0dc83c
  md5: 1d79c34d99f1e839a06b4631df091b64
  depends:
  - __osx >=11.0
  - liblzma 5.6.3 h39f12f2_1
  - liblzma-devel 5.6.3 h39f12f2_1
  - xz-gpl-tools 5.6.3 h9a6d368_1
  - xz-tools 5.6.3 h39f12f2_1
  license: 0BSD AND LGPL-2.1-or-later AND GPL-2.0-or-later
  purls: []
  size: 23692
  timestamp: 1733407556613
- conda: https://conda.anaconda.org/conda-forge/osx-arm64/xz-gpl-tools-5.6.3-h9a6d368_1.conda
  sha256: 98f71ea5d19c9cf4daed3b26a5102862baf8c63210f039e305f283fe399554b0
  md5: cf05cc17aa7eb2ff843ca5c45d63a324
  depends:
  - __osx >=11.0
  - liblzma 5.6.3 h39f12f2_1
  license: 0BSD AND LGPL-2.1-or-later AND GPL-2.0-or-later
  purls: []
  size: 33402
  timestamp: 1733407540403
- conda: https://conda.anaconda.org/conda-forge/osx-arm64/xz-tools-5.6.3-h39f12f2_1.conda
  sha256: b785955dd3d5eb1b00e3f1b1fbc3a9bf14276b2c0a950d0735a503d9abea7b5d
  md5: 0fea5aff7b3a33856288c26326d937f7
  depends:
  - __osx >=11.0
  - liblzma 5.6.3 h39f12f2_1
  license: 0BSD AND LGPL-2.1-or-later
  purls: []
  size: 81028
  timestamp: 1733407527563
- conda: https://conda.anaconda.org/conda-forge/osx-arm64/yaml-0.2.5-h3422bc3_2.tar.bz2
  sha256: 93181a04ba8cfecfdfb162fc958436d868cc37db504c58078eab4c1a3e57fbb7
  md5: 4bb3f014845110883a3c5ee811fd84b4
  arch: arm64
  platform: osx
  license: MIT
  license_family: MIT
  purls: []
  size: 88016
  timestamp: 1641347076660
